
Microsoft Visual Studio Solution File, Format Version 12.00
# Visual Studio Version 16
VisualStudioVersion = 16.0.36602.28
MinimumVisualStudioVersion = 10.0.40219.1
Project("{2150E333-8FDC-42A3-9474-1A3956D46DE8}") = "Documents", "Documents", "{D93ED88D-EAA4-4E4C-A0A1-0D74CE6F6F61}"
	ProjectSection(SolutionItems) = preProject
		Documents\_BIConceptsPlanningAndImplementation_MetaDataWorksheet(1).xlsx = Documents\_BIConceptsPlanningAndImplementation_MetaDataWorksheet(1).xlsx
		Documents\_BIConceptsPlanningAndImplementationProject.docx = Documents\_BIConceptsPlanningAndImplementationProject.docx
		Documents\DWStudentEnrollmentsERD.pdf = Documents\DWStudentEnrollmentsERD.pdf
		Documents\etlprocess_reportbuilder_screenshot.png = Documents\etlprocess_reportbuilder_screenshot.png
	EndProjectSection
EndProject
Project("{2150E333-8FDC-42A3-9474-1A3956D46DE8}") = "Scripts", "Scripts", "{0AD518A4-0F14-4795-8477-2B0E0CCEF6E1}"
	ProjectSection(SolutionItems) = preProject
		Scripts\0-CreateTheStudentEnrollmentsDatabase.sql = Scripts\0-CreateTheStudentEnrollmentsDatabase.sql
		Scripts\1-CreateTheDWStudentEnrollmentDatabase.sql = Scripts\1-CreateTheDWStudentEnrollmentDatabase.sql
		Scripts\2-AzurePerformTheETL.sql = Scripts\2-AzurePerformTheETL.sql
		Scripts\2-PerformTheETLProcess.sql = Scripts\2-PerformTheETLProcess.sql
		Scripts\3-ETLViewsForTabularModel.sql = Scripts\3-ETLViewsForTabularModel.sql
		Scripts\Azure to On-Premises ETL Processing.sql = Scripts\Azure to On-Premises ETL Processing.sql
	EndProjectSection
EndProject
Project("{2150E333-8FDC-42A3-9474-1A3956D46DE8}") = "Reports", "Reports", "{F5340792-A758-4BE6-A63A-373FA1344C88}"
	ProjectSection(SolutionItems) = preProject
		Reports\ETLProcess.rdl = Reports\ETLProcess.rdl
	EndProjectSection
EndProject
Project("{6870E480-7721-4708-BFB8-9AE898AA21B3}") = "StudentEnrollmentTabularModel", "StudentEnrollmentTabularModel\StudentEnrollmentTabularModel.smproj", "{8CE414BB-95B2-4C99-9E03-51BA72086E22}"
EndProject
Global
	GlobalSection(SolutionConfigurationPlatforms) = preSolution
		Development|x86 = Development|x86
	EndGlobalSection
	GlobalSection(ProjectConfigurationPlatforms) = postSolution
		{8CE414BB-95B2-4C99-9E03-51BA72086E22}.Development|x86.ActiveCfg = Development|x86
		{8CE414BB-95B2-4C99-9E03-51BA72086E22}.Development|x86.Build.0 = Development|x86
		{8CE414BB-95B2-4C99-9E03-51BA72086E22}.Development|x86.Deploy.0 = Development|x86
	EndGlobalSection
	GlobalSection(SolutionProperties) = preSolution
		HideSolutionNode = FALSE
	EndGlobalSection
	GlobalSection(ExtensibilityGlobals) = postSolution
		SolutionGuid = {058B793E-D889-4A1B-BCB6-9C109765BE09}
	EndGlobalSection
EndGlobal
